
Microsoft Visual Studio Solution File, Format Version 12.00
# Visual Studio Version 17
VisualStudioVersion = 17.2.32519.379
MinimumVisualStudioVersion = 10.0.40219.1
Project("{FAE04EC0-301F-11D3-BF4B-00C04F79EFBC}") = "Watchit", "Watchit\Watchit.csproj", "{AD8124F7-6236-44C5-843A-22453BD1757E}"
EndProject
Global
	GlobalSection(SolutionConfigurationPlatforms) = preSolution
		Debug|Any CPU = Debug|Any CPU
		Release|Any CPU = Release|Any CPU
	EndGlobalSection
	GlobalSection(ProjectConfigurationPlatforms) = postSolution
		{AD8124F7-6236-44C5-843A-22453BD1757E}.Debug|Any CPU.ActiveCfg = Debug|Any CPU
		{AD8124F7-6236-44C5-843A-22453BD1757E}.Debug|Any CPU.Build.0 = Debug|Any CPU
		{AD8124F7-6236-44C5-843A-22453BD1757E}.Release|Any CPU.ActiveCfg = Release|Any CPU
		{AD8124F7-6236-44C5-843A-22453BD1757E}.Release|Any CPU.Build.0 = Release|Any CPU
	EndGlobalSection
	GlobalSection(SolutionProperties) = preSolution
		HideSolutionNode = FALSE
	EndGlobalSection
	GlobalSection(ExtensibilityGlobals) = postSolution
		SolutionGuid = {741DABE0-E9B1-467D-8510-6C66485EDA70}
	EndGlobalSection
EndGlobal
